
Microsoft Visual Studio Solution File, Format Version 12.00
# Visual Studio Version 17
VisualStudioVersion = 17.10.35122.118
MinimumVisualStudioVersion = 10.0.40219.1
Project("{FAE04EC0-301F-11D3-BF4B-00C04F79EFBC}") = "SMI.TestClient", "SMI.TestClient.csproj", "{FCD83A61-2089-4EEE-A31C-8279AC92835D}"
EndProject
Global
	GlobalSection(SolutionConfigurationPlatforms) = preSolution
		Debug|Any CPU = Debug|Any CPU
		Release|Any CPU = Release|Any CPU
	EndGlobalSection
	GlobalSection(ProjectConfigurationPlatforms) = postSolution
		{FCD83A61-2089-4EEE-A31C-8279AC92835D}.Debug|Any CPU.ActiveCfg = Debug|Any CPU
		{FCD83A61-2089-4EEE-A31C-8279AC92835D}.Debug|Any CPU.Build.0 = Debug|Any CPU
		{FCD83A61-2089-4EEE-A31C-8279AC92835D}.Release|Any CPU.ActiveCfg = Release|Any CPU
		{FCD83A61-2089-4EEE-A31C-8279AC92835D}.Release|Any CPU.Build.0 = Release|Any CPU
	EndGlobalSection
	GlobalSection(SolutionProperties) = preSolution
		HideSolutionNode = FALSE
	EndGlobalSection
	GlobalSection(ExtensibilityGlobals) = postSolution
		SolutionGuid = {36B6F32B-81CE-49DF-BE33-6AEC5FB3CDF8}
	EndGlobalSection
EndGlobal
